
Microsoft Visual Studio Solution File, Format Version 12.00
# Visual Studio 15
VisualStudioVersion = 15.0.28307.757
MinimumVisualStudioVersion = 10.0.40219.1
Project("{FAE04EC0-301F-11D3-BF4B-00C04F79EFBC}") = "TextView", "TextView\TextView.csproj", "{CBC0AA6E-560D-41CC-AF5C-0937169BD2D2}"
EndProject
Project("{FAE04EC0-301F-11D3-BF4B-00C04F79EFBC}") = "UIHelper", "UIHelper\UIHelper.csproj", "{A07540E2-A041-445D-8CF7-18F81153F938}"
EndProject
Global
	GlobalSection(SolutionConfigurationPlatforms) = preSolution
		Debug|Any CPU = Debug|Any CPU
		Release|Any CPU = Release|Any CPU
	EndGlobalSection
	GlobalSection(ProjectConfigurationPlatforms) = postSolution
		{CBC0AA6E-560D-41CC-AF5C-0937169BD2D2}.Debug|Any CPU.ActiveCfg = Debug|Any CPU
		{CBC0AA6E-560D-41CC-AF5C-0937169BD2D2}.Debug|Any CPU.Build.0 = Debug|Any CPU
		{CBC0AA6E-560D-41CC-AF5C-0937169BD2D2}.Release|Any CPU.ActiveCfg = Release|Any CPU
		{CBC0AA6E-560D-41CC-AF5C-0937169BD2D2}.Release|Any CPU.Build.0 = Release|Any CPU
		{A07540E2-A041-445D-8CF7-18F81153F938}.Debug|Any CPU.ActiveCfg = Debug|Any CPU
		{A07540E2-A041-445D-8CF7-18F81153F938}.Debug|Any CPU.Build.0 = Debug|Any CPU
		{A07540E2-A041-445D-8CF7-18F81153F938}.Release|Any CPU.ActiveCfg = Release|Any CPU
		{A07540E2-A041-445D-8CF7-18F81153F938}.Release|Any CPU.Build.0 = Release|Any CPU
	EndGlobalSection
	GlobalSection(SolutionProperties) = preSolution
		HideSolutionNode = FALSE
	EndGlobalSection
	GlobalSection(ExtensibilityGlobals) = postSolution
		SolutionGuid = {149FCBE5-7607-44E3-B7A6-28E425D9A73F}
	EndGlobalSection
EndGlobal
